{
  "name": "@protagonists/logger",
  "version": "1.0.5",
  "lockfileVersion": 1,
  "requires": true,
  "dependencies": {
    "@protagonists/emitter": {
      "version": "1.0.6",
      "resolved": "https://registry.npmjs.org/@protagonists/emitter/-/emitter-1.0.6.tgz",
      "integrity": "sha512-GMK+zKaFsgZWMPTrkeH1QanKsfdMCzoNiy5pzSfc8ZNT37JGw8ICOgI4ZO6PU2rUNr810RestQKqZ/IiEk217g==",
      "requires": {
        "@protagonists/locked-array": "^1.0.0"
      }
    },
    "@protagonists/locked-array": {
      "version": "1.0.0",
      "resolved": "https://registry.npmjs.org/@protagonists/locked-array/-/locked-array-1.0.0.tgz",
      "integrity": "sha512-YfXv4BBJ6+lkH8AGIqvbt26zTD4e5zqTe4CGw8OaDOsoLWM15pSONuNYH+zYfZ9p9JRAeOIJM1e8mRIVsY23cw=="
    }
  }
}
